
Microsoft Visual Studio Solution File, Format Version 12.00
# Visual Studio Version 16
VisualStudioVersion = 16.0.30503.244
MinimumVisualStudioVersion = 10.0.40219.1
Project("{FAE04EC0-301F-11D3-BF4B-00C04F79EFBC}") = "ESTUFA_AUTOMATIZADA_REV1", "ESTUFA_AUTOMATIZADA_REV1.csproj", "{E819A715-BCB4-45FC-BB87-D671B9862FEB}"
EndProject
Global
	GlobalSection(SolutionConfigurationPlatforms) = preSolution
		Debug|Any CPU = Debug|Any CPU
		Release|Any CPU = Release|Any CPU
	EndGlobalSection
	GlobalSection(ProjectConfigurationPlatforms) = postSolution
		{E819A715-BCB4-45FC-BB87-D671B9862FEB}.Debug|Any CPU.ActiveCfg = Debug|Any CPU
		{E819A715-BCB4-45FC-BB87-D671B9862FEB}.Debug|Any CPU.Build.0 = Debug|Any CPU
		{E819A715-BCB4-45FC-BB87-D671B9862FEB}.Release|Any CPU.ActiveCfg = Release|Any CPU
		{E819A715-BCB4-45FC-BB87-D671B9862FEB}.Release|Any CPU.Build.0 = Release|Any CPU
	EndGlobalSection
	GlobalSection(SolutionProperties) = preSolution
		HideSolutionNode = FALSE
	EndGlobalSection
	GlobalSection(ExtensibilityGlobals) = postSolution
		SolutionGuid = {0794316D-D81D-4EAA-A2AE-279350C95838}
	EndGlobalSection
EndGlobal
